
Microsoft Visual Studio Solution File, Format Version 12.00
# Visual Studio Version 16
VisualStudioVersion = 16.0.30804.86
MinimumVisualStudioVersion = 10.0.40219.1
Project("{FAE04EC0-301F-11D3-BF4B-00C04F79EFBC}") = "PaymentAPI", "PaymentAPI\PaymentAPI.csproj", "{338D876B-0F56-46B1-9874-395D85FF5D41}"
EndProject
Global
	GlobalSection(SolutionConfigurationPlatforms) = preSolution
		Debug|Any CPU = Debug|Any CPU
		Release|Any CPU = Release|Any CPU
	EndGlobalSection
	GlobalSection(ProjectConfigurationPlatforms) = postSolution
		{338D876B-0F56-46B1-9874-395D85FF5D41}.Debug|Any CPU.ActiveCfg = Debug|Any CPU
		{338D876B-0F56-46B1-9874-395D85FF5D41}.Debug|Any CPU.Build.0 = Debug|Any CPU
		{338D876B-0F56-46B1-9874-395D85FF5D41}.Release|Any CPU.ActiveCfg = Release|Any CPU
		{338D876B-0F56-46B1-9874-395D85FF5D41}.Release|Any CPU.Build.0 = Release|Any CPU
	EndGlobalSection
	GlobalSection(SolutionProperties) = preSolution
		HideSolutionNode = FALSE
	EndGlobalSection
	GlobalSection(ExtensibilityGlobals) = postSolution
		SolutionGuid = {05961749-282D-4362-8598-BE8F28655A3F}
	EndGlobalSection
EndGlobal
